{
	"name": "@vcd/ext-compiler",
	"version": "0.0.2",
	"lockfileVersion": 1,
	"requires": true,
	"dependencies": {
		"@types/debug": {
			"version": "4.1.5",
			"resolved": "http://build-artifactory.eng.vmware.com/api/npm/npm/@types/debug/-/debug-4.1.5.tgz",
			"integrity": "sha1-sU76iFK3do2JiQZhPCP2iHE+As0=",
			"dev": true
		},
		"@types/events": {
			"version": "3.0.0",
			"resolved": "http://0.0.0.0:4873/@types%2fevents/-/events-3.0.0.tgz",
			"integrity": "sha1-KGLz9Yqaf3w+eNefEw3U1xwlwqc=",
			"dev": true
		},
		"@types/glob": {
			"version": "5.0.36",
			"resolved": "http://0.0.0.0:4873/@types%2fglob/-/glob-5.0.36.tgz",
			"integrity": "sha1-DICpyGZPx9GXgd4inyhwd/1iLLI=",
			"dev": true,
			"requires": {
				"@types/events": "*",
				"@types/minimatch": "*",
				"@types/node": "*"
			}
		},
		"@types/json-schema": {
			"version": "7.0.6",
			"resolved": "http://0.0.0.0:4873/@types%2fjson-schema/-/json-schema-7.0.6.tgz",
			"integrity": "sha1-9MfsQ+gbMZqYFRFQMXCfJph4kfA="
		},
		"@types/minimatch": {
			"version": "3.0.3",
			"resolved": "http://0.0.0.0:4873/@types%2fminimatch/-/minimatch-3.0.3.tgz",
			"integrity": "sha1-PcoOPzOyAPx9ETnAzZbBJoyt/Z0=",
			"dev": true
		},
		"@types/node": {
			"version": "10.17.35",
			"resolved": "http://0.0.0.0:4873/@types%2fnode/-/node-10.17.35.tgz",
			"integrity": "sha1-WAWPKbhw5q5Xsg5PbpKPArcSn1Y=",
			"dev": true
		},
		"arg": {
			"version": "4.1.3",
			"resolved": "http://0.0.0.0:4873/arg/-/arg-4.1.3.tgz",
			"integrity": "sha1-Jp/HrVuOQstjyJbVZmAXJhwUQIk=",
			"dev": true
		},
		"balanced-match": {
			"version": "1.0.0",
			"resolved": "http://0.0.0.0:4873/balanced-match/-/balanced-match-1.0.0.tgz",
			"integrity": "sha1-ibTRmasr7kneFk6gK4nORi1xt2c="
		},
		"brace-expansion": {
			"version": "1.1.11",
			"resolved": "http://0.0.0.0:4873/brace-expansion/-/brace-expansion-1.1.11.tgz",
			"integrity": "sha1-PH/L9SnYcibz0vUrlm/1Jx60Qd0=",
			"requires": {
				"balanced-match": "^1.0.0",
				"concat-map": "0.0.1"
			}
		},
		"buffer-from": {
			"version": "1.1.1",
			"resolved": "http://0.0.0.0:4873/buffer-from/-/buffer-from-1.1.1.tgz",
			"integrity": "sha1-MnE7wCj3XAL9txDXx7zsHyxgcO8=",
			"dev": true
		},
		"commander": {
			"version": "6.1.0",
			"resolved": "http://build-artifactory.eng.vmware.com/api/npm/npm/commander/-/commander-6.1.0.tgz",
			"integrity": "sha1-+Ncit4EDFBAGtm9Me6HpcxW6dbw="
		},
		"concat-map": {
			"version": "0.0.1",
			"resolved": "http://0.0.0.0:4873/concat-map/-/concat-map-0.0.1.tgz",
			"integrity": "sha1-2Klr13/Wjfd5OnMDajug1UBdR3s="
		},
		"debug": {
			"version": "4.2.0",
			"resolved": "http://build-artifactory.eng.vmware.com/api/npm/npm/debug/-/debug-4.2.0.tgz",
			"integrity": "sha1-fxUPk5IOlMWPVXTC/QGjEQ7/5/E=",
			"requires": {
				"ms": "2.1.2"
			}
		},
		"diff": {
			"version": "4.0.2",
			"resolved": "http://0.0.0.0:4873/diff/-/diff-4.0.2.tgz",
			"integrity": "sha1-YPOuy4nV+uUgwRqhnvwruYKq3n0=",
			"dev": true
		},
		"fast-json-stable-stringify": {
			"version": "2.1.0",
			"resolved": "http://build-artifactory.eng.vmware.com/api/npm/npm/fast-json-stable-stringify/-/fast-json-stable-stringify-2.1.0.tgz",
			"integrity": "sha1-h0v2nG9ATCtdmcSBNBOZ/VWJJjM="
		},
		"fs.realpath": {
			"version": "1.0.0",
			"resolved": "http://0.0.0.0:4873/fs.realpath/-/fs.realpath-1.0.0.tgz",
			"integrity": "sha1-FQStJSMVjKpA20onh8sBQRmU6k8="
		},
		"glob": {
			"version": "7.1.6",
			"resolved": "http://0.0.0.0:4873/glob/-/glob-7.1.6.tgz",
			"integrity": "sha1-FB8zuBp8JJLhJVlDB0gMRmeSeKY=",
			"requires": {
				"fs.realpath": "^1.0.0",
				"inflight": "^1.0.4",
				"inherits": "2",
				"minimatch": "^3.0.4",
				"once": "^1.3.0",
				"path-is-absolute": "^1.0.0"
			}
		},
		"inflight": {
			"version": "1.0.6",
			"resolved": "http://0.0.0.0:4873/inflight/-/inflight-1.0.6.tgz",
			"integrity": "sha1-Sb1jMdfQLQwJvJEKEHW6gWW1bfk=",
			"requires": {
				"once": "^1.3.0",
				"wrappy": "1"
			}
		},
		"inherits": {
			"version": "2.0.4",
			"resolved": "http://0.0.0.0:4873/inherits/-/inherits-2.0.4.tgz",
			"integrity": "sha1-D6LGT5MpF8NDOg3tVTY6rjdBa3w="
		},
		"json-stable-stringify": {
			"version": "1.0.1",
			"resolved": "http://0.0.0.0:4873/json-stable-stringify/-/json-stable-stringify-1.0.1.tgz",
			"integrity": "sha1-mnWdOcXy/1A/1TAGRu1EX4jE+a8=",
			"requires": {
				"jsonify": "~0.0.0"
			}
		},
		"jsonify": {
			"version": "0.0.0",
			"resolved": "http://0.0.0.0:4873/jsonify/-/jsonify-0.0.0.tgz",
			"integrity": "sha1-LHS27kHZPKUbe1qu6PUDYx0lKnM="
		},
		"make-error": {
			"version": "1.3.6",
			"resolved": "http://0.0.0.0:4873/make-error/-/make-error-1.3.6.tgz",
			"integrity": "sha1-LrLjfqm2fEiR9oShOUeZr0hM96I=",
			"dev": true
		},
		"minimatch": {
			"version": "3.0.4",
			"resolved": "http://0.0.0.0:4873/minimatch/-/minimatch-3.0.4.tgz",
			"integrity": "sha1-UWbihkV/AzBgZL5Ul+jbsMPTIIM=",
			"requires": {
				"brace-expansion": "^1.1.7"
			}
		},
		"ms": {
			"version": "2.1.2",
			"resolved": "http://build-artifactory.eng.vmware.com/api/npm/npm/ms/-/ms-2.1.2.tgz",
			"integrity": "sha1-0J0fNXtEP0kzgqjrPM0YOHKuYAk="
		},
		"once": {
			"version": "1.4.0",
			"resolved": "http://0.0.0.0:4873/once/-/once-1.4.0.tgz",
			"integrity": "sha1-WDsap3WWHUsROsF9nFC6753Xa9E=",
			"requires": {
				"wrappy": "1"
			}
		},
		"path-is-absolute": {
			"version": "1.0.1",
			"resolved": "http://0.0.0.0:4873/path-is-absolute/-/path-is-absolute-1.0.1.tgz",
			"integrity": "sha1-F0uSaHNVNP+8es5r9TpanhtcX18="
		},
		"source-map": {
			"version": "0.6.1",
			"resolved": "http://0.0.0.0:4873/source-map/-/source-map-0.6.1.tgz",
			"integrity": "sha1-dHIq8y6WFOnCh6jQu95IteLxomM=",
			"dev": true
		},
		"source-map-support": {
			"version": "0.5.19",
			"resolved": "http://0.0.0.0:4873/source-map-support/-/source-map-support-0.5.19.tgz",
			"integrity": "sha1-qYti+G3K9PZzmWSMCFKRq56P7WE=",
			"dev": true,
			"requires": {
				"buffer-from": "^1.0.0",
				"source-map": "^0.6.0"
			}
		},
		"ts-json-schema-generator": {
			"version": "0.76.1",
			"resolved": "http://build-artifactory.eng.vmware.com/api/npm/npm/ts-json-schema-generator/-/ts-json-schema-generator-0.76.1.tgz",
			"integrity": "sha1-BMi4IC63RGB2MNyBCvCV9iyM+EA=",
			"requires": {
				"@types/json-schema": "^7.0.6",
				"commander": "^6.1.0",
				"fast-json-stable-stringify": "^2.1.0",
				"glob": "^7.1.6",
				"json-stable-stringify": "^1.0.1",
				"typescript": "~4.0.3"
			},
			"dependencies": {
				"typescript": {
					"version": "4.0.3",
					"resolved": "http://build-artifactory.eng.vmware.com/api/npm/npm/typescript/-/typescript-4.0.3.tgz",
					"integrity": "sha1-FTu9Ro7wdyXB35x36LRT+NNqu6U="
				}
			}
		},
		"ts-node": {
			"version": "8.10.2",
			"resolved": "http://0.0.0.0:4873/ts-node/-/ts-node-8.10.2.tgz",
			"integrity": "sha1-7uA3ZGM7EjTd03+NuewQt17H+40=",
			"dev": true,
			"requires": {
				"arg": "^4.1.0",
				"diff": "^4.0.1",
				"make-error": "^1.1.1",
				"source-map-support": "^0.5.17",
				"yn": "3.1.1"
			}
		},
		"tslib": {
			"version": "1.13.0",
			"resolved": "http://0.0.0.0:4873/tslib/-/tslib-1.13.0.tgz",
			"integrity": "sha1-yIHhPMcBWJTtkUhi0nZDb6mkcEM="
		},
		"typescript": {
			"version": "4.0.3",
			"resolved": "http://build-artifactory.eng.vmware.com/api/npm/npm/typescript/-/typescript-4.0.3.tgz",
			"integrity": "sha1-FTu9Ro7wdyXB35x36LRT+NNqu6U=",
			"dev": true
		},
		"wrappy": {
			"version": "1.0.2",
			"resolved": "http://0.0.0.0:4873/wrappy/-/wrappy-1.0.2.tgz",
			"integrity": "sha1-tSQ9jz7BqjXxNkYFvA0QNuMKtp8="
		},
		"yn": {
			"version": "3.1.1",
			"resolved": "http://0.0.0.0:4873/yn/-/yn-3.1.1.tgz",
			"integrity": "sha1-HodAGgnXZ8HV6rJqbkwYUYLS61A=",
			"dev": true
		}
	}
}
