{
  "name": "@vcd/sdk",
  "version": "0.12.2-alpha.0",
  "lockfileVersion": 1,
  "requires": true,
  "dependencies": {
    "@vcd/angular-client": {
      "version": "file:../../../../../../cloud-director-typescript-clients/packages/angular/dist/vcd-angular-client-0.0.2-alpha.1.tgz",
      "integrity": "sha512-s/FoUFS9ODopqNFvxm/CPr5eIHX6gaOhDwU5W4qRDs+ZXofNy95kRyW8oo+OvRfZtN/+T4ss8aQxOMsuMQP8lw==",
      "requires": {
        "tslib": "^1.9.0"
      }
    },
    "tslib": {
      "version": "1.14.1",
      "resolved": "https://registry.npmjs.org/tslib/-/tslib-1.14.1.tgz",
      "integrity": "sha512-Xni35NKzjgMrwevysHTCArtLDpPvye8zV/0E4EyYn43P7/7qvQwPh9BGkHewbMulVntbigmcT7rdX3BNo9wRJg=="
    }
  }
}
