{
  "name": "@vcd/sdk",
  "version": "0.12.2-alpha.5",
  "lockfileVersion": 1,
  "requires": true,
  "dependencies": {
    "@vcd/angular-client": {
      "version": "0.0.2-alpha.6",
      "resolved": "https://registry.npmjs.org/@vcd/angular-client/-/angular-client-0.0.2-alpha.6.tgz",
      "integrity": "sha512-hShLBHTAt4HGLM2pNOpIf1n57NXzS+0bejaqG/3dGnCuSQC7/nxrucA8X4xR63FYWsCoBEboCzJlZzZciCnOEQ==",
      "requires": {
        "tslib": "^1.9.0"
      }
    },
    "tslib": {
      "version": "1.14.1",
      "resolved": "https://registry.npmjs.org/tslib/-/tslib-1.14.1.tgz",
      "integrity": "sha512-Xni35NKzjgMrwevysHTCArtLDpPvye8zV/0E4EyYn43P7/7qvQwPh9BGkHewbMulVntbigmcT7rdX3BNo9wRJg=="
    }
  }
}
