{
  "name": "vcd-ext-sdk-docs",
  "version": "0.0.3",
  "lockfileVersion": 1,
  "requires": true,
  "dependencies": {
    "@clr/icons": {
      "version": "4.0.9",
      "resolved": "https://registry.npmjs.org/@clr/icons/-/icons-4.0.9.tgz",
      "integrity": "sha512-YDyNwmPsdiw78fdVcPtk8LTqsiO1saVmMaNapSiyfLBmSRJ7hYoWNko1EQKKPxEAlcLEIKLgb53PWOz/lLFvwg=="
    },
    "@clr/ui": {
      "version": "4.0.9",
      "resolved": "https://registry.npmjs.org/@clr/ui/-/ui-4.0.9.tgz",
      "integrity": "sha512-ZSefvCanMIhMB0POesH6qS3OSxLxYoxICPNrPCdmvYXW6JOtuqYrvCmFWRzbPUAMSv2fBgQKMZ3YcrCd9VDS7g=="
    },
    "@webcomponents/custom-elements": {
      "version": "1.4.3",
      "resolved": "https://registry.npmjs.org/@webcomponents/custom-elements/-/custom-elements-1.4.3.tgz",
      "integrity": "sha512-iD0YW46SreUQANGccywK/eC+gZELNHocZZrY2fGwrIlx/biQOTkAF9IohisibHbrmIHmA9pVCIdGwzfO+W0gig=="
    }
  }
}
