{
  "name": "@vcd/care-package-def",
  "version": "0.0.1-alpha.0",
  "lockfileVersion": 1,
  "requires": true,
  "dependencies": {
    "@types/inquirer": {
      "version": "7.3.1",
      "resolved": "https://registry.npmjs.org/@types/inquirer/-/inquirer-7.3.1.tgz",
      "integrity": "sha512-osD38QVIfcdgsPCT0V3lD7eH0OFurX71Jft18bZrsVQWVRt6TuxRzlr0GJLrxoHZR2V5ph7/qP8se/dcnI7o0g==",
      "dev": true,
      "requires": {
        "@types/through": "*",
        "rxjs": "^6.4.0"
      }
    },
    "@types/json-schema": {
      "version": "7.0.6",
      "resolved": "https://registry.npmjs.org/@types/json-schema/-/json-schema-7.0.6.tgz",
      "integrity": "sha512-3c+yGKvVP5Y9TYBEibGNR+kLtijnj7mYrXRg+WpFb2X9xm04g/DXYkfg4hmzJQosc9snFNUPkbYIhu+KAm6jJw==",
      "dev": true
    },
    "@types/node": {
      "version": "10.17.48",
      "resolved": "https://registry.npmjs.org/@types/node/-/node-10.17.48.tgz",
      "integrity": "sha512-Agl6xbYP6FOMDeAsr3QVZ+g7Yzg0uhPHWx0j5g4LFdUBHVtqtU+gH660k/lCEe506jJLOGbEzsnqPDTZGJQLag==",
      "dev": true
    },
    "@types/through": {
      "version": "0.0.30",
      "resolved": "https://registry.npmjs.org/@types/through/-/through-0.0.30.tgz",
      "integrity": "sha512-FvnCJljyxhPM3gkRgWmxmDZyAQSiBQQWLI0A0VFL0K7W1oRUrPJSqNO0NvTnLkBcotdlp3lKvaT0JrnyRDkzOg==",
      "dev": true,
      "requires": {
        "@types/node": "*"
      }
    },
    "@types/yeoman-generator": {
      "version": "3.1.4",
      "resolved": "https://registry.npmjs.org/@types/yeoman-generator/-/yeoman-generator-3.1.4.tgz",
      "integrity": "sha512-5oG9Qlk119qSHQpSClGonDIs4djxZSPurtg6faHItjeg8cffhkKs4twVYE+Wa0crAKJZDOwSd/Vmc6BSqJtgMA==",
      "dev": true,
      "requires": {
        "@types/inquirer": "*",
        "rxjs": ">=6.4.0"
      }
    },
    "rxjs": {
      "version": "6.6.3",
      "resolved": "https://registry.npmjs.org/rxjs/-/rxjs-6.6.3.tgz",
      "integrity": "sha512-trsQc+xYYXZ3urjOiJOuCOa5N3jAZ3eiSpQB5hIT8zGlL2QfnHLJ2r7GMkBGuIausdJN1OneaI6gQlsqNHHmZQ==",
      "dev": true,
      "requires": {
        "tslib": "^1.9.0"
      }
    },
    "tslib": {
      "version": "1.14.1",
      "resolved": "https://registry.npmjs.org/tslib/-/tslib-1.14.1.tgz",
      "integrity": "sha512-Xni35NKzjgMrwevysHTCArtLDpPvye8zV/0E4EyYn43P7/7qvQwPh9BGkHewbMulVntbigmcT7rdX3BNo9wRJg==",
      "dev": true
    }
  }
}
